
Microsoft Visual Studio Solution File, Format Version 12.00
# Visual Studio Version 17
VisualStudioVersion = 17.4.33122.133
MinimumVisualStudioVersion = 10.0.40219.1
Project("{FAE04EC0-301F-11D3-BF4B-00C04F79EFBC}") = "recep_ayyildiz_proje", "recep_ayyildiz_proje\recep_ayyildiz_proje.csproj", "{BB861323-342C-4170-9F44-155466017266}"
EndProject
Global
	GlobalSection(SolutionConfigurationPlatforms) = preSolution
		Debug|Any CPU = Debug|Any CPU
		Release|Any CPU = Release|Any CPU
	EndGlobalSection
	GlobalSection(ProjectConfigurationPlatforms) = postSolution
		{BB861323-342C-4170-9F44-155466017266}.Debug|Any CPU.ActiveCfg = Debug|Any CPU
		{BB861323-342C-4170-9F44-155466017266}.Debug|Any CPU.Build.0 = Debug|Any CPU
		{BB861323-342C-4170-9F44-155466017266}.Release|Any CPU.ActiveCfg = Release|Any CPU
		{BB861323-342C-4170-9F44-155466017266}.Release|Any CPU.Build.0 = Release|Any CPU
	EndGlobalSection
	GlobalSection(SolutionProperties) = preSolution
		HideSolutionNode = FALSE
	EndGlobalSection
	GlobalSection(ExtensibilityGlobals) = postSolution
		SolutionGuid = {B42B9DA1-B2A7-4D6F-B20B-69E63310C622}
	EndGlobalSection
EndGlobal
